{
  "name": "@ngodings/ngx-editor",
  "version": "15.0.8",
  "lockfileVersion": 3,
  "requires": true,
  "packages": {
    "": {
      "name": "@ngodings/ngx-editor",
      "version": "15.0.8",
      "license": "MIT",
      "dependencies": {
        "tslib": "^2.3.0"
      },
      "peerDependencies": {
        "@angular/common": "^15.0.0",
        "@angular/core": "^15.0.0",
        "@ngodings/ckeditor5": "^1.0.0",
        "@ngodings/ckeditor5-angular": "^15.0.0"
      }
    },
    "node_modules/@angular/common": {
      "version": "15.0.4",
      "resolved": "https://registry.npmjs.org/@angular/common/-/common-15.0.4.tgz",
      "integrity": "sha512-0x/2IhaetJqfXMeQ4DlRnOTzGWD0OvOeKORyi0q7WXPxSoD9MUezQHGmzkc5lK9tDYE9cNYyQfkUBcbJT/k6MA==",
      "peer": true,
      "dependencies": {
        "tslib": "^2.3.0"
      },
      "engines": {
        "node": "^14.20.0 || ^16.13.0 || >=18.10.0"
      },
      "peerDependencies": {
        "@angular/core": "15.0.4",
        "rxjs": "^6.5.3 || ^7.4.0"
      }
    },
    "node_modules/@angular/core": {
      "version": "15.0.4",
      "resolved": "https://registry.npmjs.org/@angular/core/-/core-15.0.4.tgz",
      "integrity": "sha512-Xf8Nuu0iM/VjQHPS4A0jufqTYZCfiGqc0iAD7j9zM3TD6caQ3OP4mxXVYYTpIG+APKel38+Gol8cpQB/8PVbqQ==",
      "peer": true,
      "dependencies": {
        "tslib": "^2.3.0"
      },
      "engines": {
        "node": "^14.20.0 || ^16.13.0 || >=18.10.0"
      },
      "peerDependencies": {
        "rxjs": "^6.5.3 || ^7.4.0",
        "zone.js": "~0.11.4 || ~0.12.0"
      }
    },
    "node_modules/@angular/forms": {
      "version": "15.0.4",
      "resolved": "https://registry.npmjs.org/@angular/forms/-/forms-15.0.4.tgz",
      "integrity": "sha512-3Ft/p2ug/zp2p0g2rhLq9v/5F1G11xa+YujAKL5kOFa0zUoroDG6n4b6VEcsGWmDE9NR7Vkiys9rHckiJUluHg==",
      "peer": true,
      "dependencies": {
        "tslib": "^2.3.0"
      },
      "engines": {
        "node": "^14.20.0 || ^16.13.0 || >=18.10.0"
      },
      "peerDependencies": {
        "@angular/common": "15.0.4",
        "@angular/core": "15.0.4",
        "@angular/platform-browser": "15.0.4",
        "rxjs": "^6.5.3 || ^7.4.0"
      }
    },
    "node_modules/@angular/platform-browser": {
      "version": "15.0.4",
      "resolved": "https://registry.npmjs.org/@angular/platform-browser/-/platform-browser-15.0.4.tgz",
      "integrity": "sha512-SOLrzh9AsHzhfre95ShvHd0hBcyEcFftJuAaU+35L4GiOAY+CznFuJUq4LjITCMQDHGzdpUlRjoUyJRQFmlvXQ==",
      "peer": true,
      "dependencies": {
        "tslib": "^2.3.0"
      },
      "engines": {
        "node": "^14.20.0 || ^16.13.0 || >=18.10.0"
      },
      "peerDependencies": {
        "@angular/animations": "15.0.4",
        "@angular/common": "15.0.4",
        "@angular/core": "15.0.4"
      },
      "peerDependenciesMeta": {
        "@angular/animations": {
          "optional": true
        }
      }
    },
    "node_modules/@ckeditor/ckeditor5-watchdog": {
      "version": "34.2.0",
      "resolved": "https://registry.npmjs.org/@ckeditor/ckeditor5-watchdog/-/ckeditor5-watchdog-34.2.0.tgz",
      "integrity": "sha512-Sz4nOdhy8C7n4ffi/OkkRQQFfTZUKZjSzeDis1+ooxxgj/4/+X8pAZszaz+LtG7+lqUyc7YfTtitMUqXivHhfA==",
      "peer": true,
      "dependencies": {
        "lodash-es": "^4.17.15"
      },
      "engines": {
        "node": ">=14.0.0",
        "npm": ">=5.7.1"
      }
    },
    "node_modules/@ngodings/ckeditor5": {
      "version": "1.0.0",
      "resolved": "https://registry.npmjs.org/@ngodings/ckeditor5/-/ckeditor5-1.0.0.tgz",
      "integrity": "sha512-ng4lOpoS4LiGNBYHSQW7KAwLAuhpTCPJIGOpDq0V2nQvIRB6YyVQQEYmYEqm8YohOQCjFqjLbKy31/YrJnRewQ==",
      "peer": true
    },
    "node_modules/@ngodings/ckeditor5-angular": {
      "version": "15.0.0",
      "resolved": "https://registry.npmjs.org/@ngodings/ckeditor5-angular/-/ckeditor5-angular-15.0.0.tgz",
      "integrity": "sha512-67novMjIwNJ87aqI4++WHM9cHWg85bAT62BnHBpm3RMNsr4DFhXDwucQeVuPrqO106CB8HCyRhkBXfMF7E1fRQ==",
      "peer": true,
      "dependencies": {
        "tslib": "^2.3.0"
      },
      "peerDependencies": {
        "@angular/common": "^15.0.0",
        "@angular/core": "^15.0.0",
        "@angular/forms": "^15.0.0",
        "@ckeditor/ckeditor5-watchdog": "^34.2.0",
        "rxjs": "~7.6.0"
      }
    },
    "node_modules/lodash-es": {
      "version": "4.17.21",
      "resolved": "https://registry.npmjs.org/lodash-es/-/lodash-es-4.17.21.tgz",
      "integrity": "sha512-mKnC+QJ9pWVzv+C4/U3rRsHapFfHvQFoFB92e52xeyGMcX6/OlIl78je1u8vePzYZSkkogMPJ2yjxxsb89cxyw==",
      "peer": true
    },
    "node_modules/rxjs": {
      "version": "7.6.0",
      "resolved": "https://registry.npmjs.org/rxjs/-/rxjs-7.6.0.tgz",
      "integrity": "sha512-DDa7d8TFNUalGC9VqXvQ1euWNN7sc63TrUCuM9J998+ViviahMIjKSOU7rfcgFOF+FCD71BhDRv4hrFz+ImDLQ==",
      "peer": true,
      "dependencies": {
        "tslib": "^2.1.0"
      }
    },
    "node_modules/tslib": {
      "version": "2.4.1",
      "resolved": "https://registry.npmjs.org/tslib/-/tslib-2.4.1.tgz",
      "integrity": "sha512-tGyy4dAjRIEwI7BzsB0lynWgOpfqjUdq91XXAlIWD2OwKBH7oCl/GZG/HT4BOHrTlPMOASlMQ7veyTqpmRcrNA=="
    },
    "node_modules/zone.js": {
      "version": "0.12.0",
      "resolved": "https://registry.npmjs.org/zone.js/-/zone.js-0.12.0.tgz",
      "integrity": "sha512-XtC+I5dXU14HrzidAKBNMqneIVUykLEAA1x+v4KVrd6AUPWlwYORF8KgsVqvgdHiKZ4BkxxjvYi/ksEixTPR0Q==",
      "peer": true,
      "dependencies": {
        "tslib": "^2.3.0"
      }
    }
  }
}
