{
  "name": "@ngodings/ckeditor5-angular",
  "version": "15.0.0",
  "lockfileVersion": 3,
  "requires": true,
  "packages": {
    "": {
      "name": "@ngodings/ckeditor5-angular",
      "version": "15.0.0",
      "license": "MIT",
      "devDependencies": {
        "@types/ckeditor__ckeditor5-build-classic": "^29.0.1"
      },
      "peerDependencies": {
        "@angular/common": "^15.0.0",
        "@angular/core": "^15.0.0",
        "@angular/forms": "^15.0.0",
        "@ckeditor/ckeditor5-watchdog": "^34.2.0",
        "rxjs": "~7.6.0"
      }
    },
    "node_modules/@angular/common": {
      "version": "15.0.4",
      "resolved": "https://registry.npmjs.org/@angular/common/-/common-15.0.4.tgz",
      "integrity": "sha512-0x/2IhaetJqfXMeQ4DlRnOTzGWD0OvOeKORyi0q7WXPxSoD9MUezQHGmzkc5lK9tDYE9cNYyQfkUBcbJT/k6MA==",
      "peer": true,
      "dependencies": {
        "tslib": "^2.3.0"
      },
      "engines": {
        "node": "^14.20.0 || ^16.13.0 || >=18.10.0"
      },
      "peerDependencies": {
        "@angular/core": "15.0.4",
        "rxjs": "^6.5.3 || ^7.4.0"
      }
    },
    "node_modules/@angular/core": {
      "version": "15.0.4",
      "resolved": "https://registry.npmjs.org/@angular/core/-/core-15.0.4.tgz",
      "integrity": "sha512-Xf8Nuu0iM/VjQHPS4A0jufqTYZCfiGqc0iAD7j9zM3TD6caQ3OP4mxXVYYTpIG+APKel38+Gol8cpQB/8PVbqQ==",
      "peer": true,
      "dependencies": {
        "tslib": "^2.3.0"
      },
      "engines": {
        "node": "^14.20.0 || ^16.13.0 || >=18.10.0"
      },
      "peerDependencies": {
        "rxjs": "^6.5.3 || ^7.4.0",
        "zone.js": "~0.11.4 || ~0.12.0"
      }
    },
    "node_modules/@angular/forms": {
      "version": "15.0.4",
      "resolved": "https://registry.npmjs.org/@angular/forms/-/forms-15.0.4.tgz",
      "integrity": "sha512-3Ft/p2ug/zp2p0g2rhLq9v/5F1G11xa+YujAKL5kOFa0zUoroDG6n4b6VEcsGWmDE9NR7Vkiys9rHckiJUluHg==",
      "peer": true,
      "dependencies": {
        "tslib": "^2.3.0"
      },
      "engines": {
        "node": "^14.20.0 || ^16.13.0 || >=18.10.0"
      },
      "peerDependencies": {
        "@angular/common": "15.0.4",
        "@angular/core": "15.0.4",
        "@angular/platform-browser": "15.0.4",
        "rxjs": "^6.5.3 || ^7.4.0"
      }
    },
    "node_modules/@angular/platform-browser": {
      "version": "15.0.4",
      "resolved": "https://registry.npmjs.org/@angular/platform-browser/-/platform-browser-15.0.4.tgz",
      "integrity": "sha512-SOLrzh9AsHzhfre95ShvHd0hBcyEcFftJuAaU+35L4GiOAY+CznFuJUq4LjITCMQDHGzdpUlRjoUyJRQFmlvXQ==",
      "peer": true,
      "dependencies": {
        "tslib": "^2.3.0"
      },
      "engines": {
        "node": "^14.20.0 || ^16.13.0 || >=18.10.0"
      },
      "peerDependencies": {
        "@angular/animations": "15.0.4",
        "@angular/common": "15.0.4",
        "@angular/core": "15.0.4"
      },
      "peerDependenciesMeta": {
        "@angular/animations": {
          "optional": true
        }
      }
    },
    "node_modules/@ckeditor/ckeditor5-watchdog": {
      "version": "34.2.0",
      "resolved": "https://registry.npmjs.org/@ckeditor/ckeditor5-watchdog/-/ckeditor5-watchdog-34.2.0.tgz",
      "integrity": "sha512-Sz4nOdhy8C7n4ffi/OkkRQQFfTZUKZjSzeDis1+ooxxgj/4/+X8pAZszaz+LtG7+lqUyc7YfTtitMUqXivHhfA==",
      "peer": true,
      "dependencies": {
        "lodash-es": "^4.17.15"
      },
      "engines": {
        "node": ">=14.0.0",
        "npm": ">=5.7.1"
      }
    },
    "node_modules/@types/ckeditor__ckeditor5-adapter-ckfinder": {
      "version": "29.0.4",
      "resolved": "https://registry.npmjs.org/@types/ckeditor__ckeditor5-adapter-ckfinder/-/ckeditor__ckeditor5-adapter-ckfinder-29.0.4.tgz",
      "integrity": "sha512-baT+KeQG12qfu0iDu+TIy1BSM/OWzzvH8pTkSIckQhRwEt2mlW8jFNQMZGRi4kAmLabMoLvybiAn1yFDeepddw==",
      "dev": true,
      "dependencies": {
        "@types/ckeditor__ckeditor5-core": "*",
        "@types/ckeditor__ckeditor5-upload": "*",
        "@types/ckeditor__ckeditor5-utils": "*"
      }
    },
    "node_modules/@types/ckeditor__ckeditor5-alignment": {
      "version": "29.0.7",
      "resolved": "https://registry.npmjs.org/@types/ckeditor__ckeditor5-alignment/-/ckeditor__ckeditor5-alignment-29.0.7.tgz",
      "integrity": "sha512-tZIF0svmHOHIvbnFM074b2CySBKKQxxZG5Y41UFAvkIYxel4LTZmFV3uTbdDTmniLRIbG219vOXtWHOJ5INB/A==",
      "dev": true,
      "dependencies": {
        "@types/ckeditor__ckeditor5-core": "*",
        "@types/ckeditor__ckeditor5-utils": "*"
      }
    },
    "node_modules/@types/ckeditor__ckeditor5-autoformat": {
      "version": "31.0.1",
      "resolved": "https://registry.npmjs.org/@types/ckeditor__ckeditor5-autoformat/-/ckeditor__ckeditor5-autoformat-31.0.1.tgz",
      "integrity": "sha512-E2bDInIyq6J5slWDAruCRTCvWxCH1Gm91d70/V2+YKiwpzj0X0EXyIPTqO01xTbdjHbCy9XiGIZ7fVLDrzchNQ==",
      "dev": true,
      "dependencies": {
        "@types/ckeditor__ckeditor5-core": "*",
        "@types/ckeditor__ckeditor5-engine": "*",
        "@types/ckeditor__ckeditor5-typing": "*"
      }
    },
    "node_modules/@types/ckeditor__ckeditor5-autosave": {
      "version": "32.0.0",
      "resolved": "https://registry.npmjs.org/@types/ckeditor__ckeditor5-autosave/-/ckeditor__ckeditor5-autosave-32.0.0.tgz",
      "integrity": "sha512-auGeVgBG4HLXwPTbHQSsfGZcItntaBuBQN8LSreZea0ur4SJ6NKfh25USqIIQs1DUWYMDPiK6ODwSn2mhyfJ2A==",
      "dev": true,
      "dependencies": {
        "@types/ckeditor__ckeditor5-core": "*"
      }
    },
    "node_modules/@types/ckeditor__ckeditor5-basic-styles": {
      "version": "28.0.2",
      "resolved": "https://registry.npmjs.org/@types/ckeditor__ckeditor5-basic-styles/-/ckeditor__ckeditor5-basic-styles-28.0.2.tgz",
      "integrity": "sha512-ap6vMacs5rjcWRlHrYPsZPshHoPR7sruPgbuzduGQCy7X86SglOPwtd6XvMOMItslbLv1wYbJ3h9+S1kBOVvfA==",
      "dev": true,
      "dependencies": {
        "@types/ckeditor__ckeditor5-core": "*",
        "@types/ckeditor__ckeditor5-typing": "*"
      }
    },
    "node_modules/@types/ckeditor__ckeditor5-block-quote": {
      "version": "29.0.4",
      "resolved": "https://registry.npmjs.org/@types/ckeditor__ckeditor5-block-quote/-/ckeditor__ckeditor5-block-quote-29.0.4.tgz",
      "integrity": "sha512-FwNayTN7/8hdxCSA9cBiab4rEG3jERy+bF6qgr5pYwCiEthghlKT87IYqFYmVhznSsfqqR3KHi2a6GIfJMHpCA==",
      "dev": true,
      "dependencies": {
        "@types/ckeditor__ckeditor5-core": "*",
        "@types/ckeditor__ckeditor5-enter": "*",
        "@types/ckeditor__ckeditor5-typing": "*"
      }
    },
    "node_modules/@types/ckeditor__ckeditor5-build-classic": {
      "version": "29.0.1",
      "resolved": "https://registry.npmjs.org/@types/ckeditor__ckeditor5-build-classic/-/ckeditor__ckeditor5-build-classic-29.0.1.tgz",
      "integrity": "sha512-liWJN2v9xSJSLuU048nO7i7dr49T4REWhqSe7D7qcGcY3M5n7bVZnSNUnmBCB61WJg5iBl+KfwfdpDIDYp7+XQ==",
      "dev": true,
      "dependencies": {
        "@types/ckeditor__ckeditor5-adapter-ckfinder": "*",
        "@types/ckeditor__ckeditor5-autoformat": "*",
        "@types/ckeditor__ckeditor5-basic-styles": "*",
        "@types/ckeditor__ckeditor5-block-quote": "*",
        "@types/ckeditor__ckeditor5-ckfinder": "*",
        "@types/ckeditor__ckeditor5-cloud-services": "*",
        "@types/ckeditor__ckeditor5-easy-image": "*",
        "@types/ckeditor__ckeditor5-editor-classic": "*",
        "@types/ckeditor__ckeditor5-essentials": "*",
        "@types/ckeditor__ckeditor5-heading": "*",
        "@types/ckeditor__ckeditor5-image": "*",
        "@types/ckeditor__ckeditor5-indent": "*",
        "@types/ckeditor__ckeditor5-link": "*",
        "@types/ckeditor__ckeditor5-list": "*",
        "@types/ckeditor__ckeditor5-media-embed": "*",
        "@types/ckeditor__ckeditor5-paragraph": "*",
        "@types/ckeditor__ckeditor5-paste-from-office": "*",
        "@types/ckeditor__ckeditor5-table": "*",
        "@types/ckeditor__ckeditor5-typing": "*"
      }
    },
    "node_modules/@types/ckeditor__ckeditor5-ckfinder": {
      "version": "29.0.3",
      "resolved": "https://registry.npmjs.org/@types/ckeditor__ckeditor5-ckfinder/-/ckeditor__ckeditor5-ckfinder-29.0.3.tgz",
      "integrity": "sha512-RQVFIg/RrJzaA19FHD9Qzzl36sVUyyqY9ozWhEUWAmlKMUZW0MQBBtMN3vX5dZ81JtOaPVcwklNAa2yw6dqlkg==",
      "dev": true,
      "dependencies": {
        "@types/ckeditor__ckeditor5-adapter-ckfinder": "*",
        "@types/ckeditor__ckeditor5-core": "*",
        "@types/ckeditor__ckeditor5-link": "*",
        "@types/ckeditor__ckeditor5-ui": "*"
      }
    },
    "node_modules/@types/ckeditor__ckeditor5-clipboard": {
      "version": "29.0.5",
      "resolved": "https://registry.npmjs.org/@types/ckeditor__ckeditor5-clipboard/-/ckeditor__ckeditor5-clipboard-29.0.5.tgz",
      "integrity": "sha512-AN7iniYu2C417LRNuOBIirBokStvPwXm/NG72o9Ivfn0/i7J0VZiJ8KGp7Wmvrcg/bhFYfZsTbEOVW2c/59Rjg==",
      "dev": true,
      "dependencies": {
        "@types/ckeditor__ckeditor5-core": "*",
        "@types/ckeditor__ckeditor5-engine": "*",
        "@types/ckeditor__ckeditor5-widget": "*"
      }
    },
    "node_modules/@types/ckeditor__ckeditor5-cloud-services": {
      "version": "29.0.4",
      "resolved": "https://registry.npmjs.org/@types/ckeditor__ckeditor5-cloud-services/-/ckeditor__ckeditor5-cloud-services-29.0.4.tgz",
      "integrity": "sha512-fZOj+HBQbGFJg3SwUYqfdIQtFNnG2U2OCWkKDCIzUuejkdSeicF8P5GLSyNuDP0nTDdQMBqEWgzljqLZkJnkHg==",
      "dev": true,
      "dependencies": {
        "@types/ckeditor__ckeditor5-core": "*",
        "@types/ckeditor__ckeditor5-utils": "*"
      }
    },
    "node_modules/@types/ckeditor__ckeditor5-code-block": {
      "version": "29.0.3",
      "resolved": "https://registry.npmjs.org/@types/ckeditor__ckeditor5-code-block/-/ckeditor__ckeditor5-code-block-29.0.3.tgz",
      "integrity": "sha512-x3D3B8I21za6VShc3twNRzKBN4+1+pOrsXhb+TPgQLG2Q9oeRgPXhaHMhdXGAGebMWhdFlPs0lTNsQTCVjXm6A==",
      "dev": true,
      "dependencies": {
        "@types/ckeditor__ckeditor5-core": "*",
        "@types/ckeditor__ckeditor5-engine": "*",
        "@types/ckeditor__ckeditor5-enter": "*",
        "@types/ckeditor__ckeditor5-utils": "*"
      }
    },
    "node_modules/@types/ckeditor__ckeditor5-collaboration-core": {
      "version": "27.1.2",
      "resolved": "https://registry.npmjs.org/@types/ckeditor__ckeditor5-collaboration-core/-/ckeditor__ckeditor5-collaboration-core-27.1.2.tgz",
      "integrity": "sha512-g0AKoJw820i/Biho6S9qYH1SaedjXr2P/gmnqO3k8/6HWiIMALaGDUkMgYvQC5nr+ZXIzLtv04Y0eb/9H1W3DQ==",
      "dev": true,
      "dependencies": {
        "@types/ckeditor__ckeditor5-engine": "*",
        "@types/ckeditor__ckeditor5-utils": "*"
      }
    },
    "node_modules/@types/ckeditor__ckeditor5-core": {
      "version": "33.0.3",
      "resolved": "https://registry.npmjs.org/@types/ckeditor__ckeditor5-core/-/ckeditor__ckeditor5-core-33.0.3.tgz",
      "integrity": "sha512-mVaU5+faOZ/2eR2jZb26H0JLqHLV/4a/p1/t7K9l8j5fMWTcubE5FRifjCk/TowazNW+/xcgRinyFnnUtNFUTQ==",
      "dev": true,
      "dependencies": {
        "@types/ckeditor__ckeditor5-alignment": "*",
        "@types/ckeditor__ckeditor5-autosave": "*",
        "@types/ckeditor__ckeditor5-ckfinder": "*",
        "@types/ckeditor__ckeditor5-cloud-services": "*",
        "@types/ckeditor__ckeditor5-code-block": "*",
        "@types/ckeditor__ckeditor5-engine": "*",
        "@types/ckeditor__ckeditor5-export-pdf": "*",
        "@types/ckeditor__ckeditor5-export-word": "*",
        "@types/ckeditor__ckeditor5-font": "*",
        "@types/ckeditor__ckeditor5-heading": "*",
        "@types/ckeditor__ckeditor5-highlight": "*",
        "@types/ckeditor__ckeditor5-image": "*",
        "@types/ckeditor__ckeditor5-indent": "*",
        "@types/ckeditor__ckeditor5-language": "*",
        "@types/ckeditor__ckeditor5-link": "*",
        "@types/ckeditor__ckeditor5-media-embed": "*",
        "@types/ckeditor__ckeditor5-mention": "*",
        "@types/ckeditor__ckeditor5-minimap": "*",
        "@types/ckeditor__ckeditor5-pagination": "*",
        "@types/ckeditor__ckeditor5-real-time-collaboration": "*",
        "@types/ckeditor__ckeditor5-restricted-editing": "*",
        "@types/ckeditor__ckeditor5-table": "*",
        "@types/ckeditor__ckeditor5-track-changes": "*",
        "@types/ckeditor__ckeditor5-typing": "*",
        "@types/ckeditor__ckeditor5-ui": "*",
        "@types/ckeditor__ckeditor5-upload": "*",
        "@types/ckeditor__ckeditor5-utils": "*",
        "@types/ckeditor__ckeditor5-word-count": "*"
      }
    },
    "node_modules/@types/ckeditor__ckeditor5-easy-image": {
      "version": "29.0.2",
      "resolved": "https://registry.npmjs.org/@types/ckeditor__ckeditor5-easy-image/-/ckeditor__ckeditor5-easy-image-29.0.2.tgz",
      "integrity": "sha512-pyBp+c0u1YydwAlWBubKzQrVkYmSApOjLmoc+F1yy/VuLelUhklaKnDlXo8HOjRXAndPHax0Yr966CWM7pQlpA==",
      "dev": true,
      "dependencies": {
        "@types/ckeditor__ckeditor5-cloud-services": "*",
        "@types/ckeditor__ckeditor5-core": "*",
        "@types/ckeditor__ckeditor5-image": "*",
        "@types/ckeditor__ckeditor5-upload": "*"
      }
    },
    "node_modules/@types/ckeditor__ckeditor5-editor-classic": {
      "version": "27.1.2",
      "resolved": "https://registry.npmjs.org/@types/ckeditor__ckeditor5-editor-classic/-/ckeditor__ckeditor5-editor-classic-27.1.2.tgz",
      "integrity": "sha512-Xrxav0Bq+rxr/H//nK4+n9o0GpHHMJpfe96wAm4EbjTI5mbBQYH5mCZmKdU8JzQTq6DUF8w9D92RIShqx0rvLw==",
      "dev": true,
      "dependencies": {
        "@types/ckeditor__ckeditor5-core": "*",
        "@types/ckeditor__ckeditor5-engine": "*",
        "@types/ckeditor__ckeditor5-ui": "*",
        "@types/ckeditor__ckeditor5-utils": "*"
      }
    },
    "node_modules/@types/ckeditor__ckeditor5-engine": {
      "version": "32.0.11",
      "resolved": "https://registry.npmjs.org/@types/ckeditor__ckeditor5-engine/-/ckeditor__ckeditor5-engine-32.0.11.tgz",
      "integrity": "sha512-mjP5DE+VvVdUqgn9SL1qTr5HRouG6xj+hiFu4Hzz3HWLLBaCEfK6dPUTc6/QM/nMNlNl8Ux9551qCYMoKanzvw==",
      "dev": true,
      "dependencies": {
        "@types/ckeditor__ckeditor5-engine": "*",
        "@types/ckeditor__ckeditor5-utils": "*"
      }
    },
    "node_modules/@types/ckeditor__ckeditor5-enter": {
      "version": "27.0.3",
      "resolved": "https://registry.npmjs.org/@types/ckeditor__ckeditor5-enter/-/ckeditor__ckeditor5-enter-27.0.3.tgz",
      "integrity": "sha512-qFv9QXk/kXkHQaS748FnO+XZoLOp34x25hOWpOFgBGbrfSZxJ6rYE+vk6BbX+b7sakj7glMctYeitNfGRMcVDQ==",
      "dev": true,
      "dependencies": {
        "@types/ckeditor__ckeditor5-core": "*",
        "@types/ckeditor__ckeditor5-engine": "*"
      }
    },
    "node_modules/@types/ckeditor__ckeditor5-essentials": {
      "version": "28.0.3",
      "resolved": "https://registry.npmjs.org/@types/ckeditor__ckeditor5-essentials/-/ckeditor__ckeditor5-essentials-28.0.3.tgz",
      "integrity": "sha512-vHtxf97CSVTRMGpxsEfDduRASHL32+9rvr1bVTmLlTgdykMiP0HY+TmFt07XtDTCpwAShehLu4bc8Qg4mkCCCA==",
      "dev": true,
      "dependencies": {
        "@types/ckeditor__ckeditor5-clipboard": "*",
        "@types/ckeditor__ckeditor5-core": "*",
        "@types/ckeditor__ckeditor5-enter": "*",
        "@types/ckeditor__ckeditor5-select-all": "*",
        "@types/ckeditor__ckeditor5-typing": "*",
        "@types/ckeditor__ckeditor5-undo": "*"
      }
    },
    "node_modules/@types/ckeditor__ckeditor5-export-pdf": {
      "version": "31.0.0",
      "resolved": "https://registry.npmjs.org/@types/ckeditor__ckeditor5-export-pdf/-/ckeditor__ckeditor5-export-pdf-31.0.0.tgz",
      "integrity": "sha512-ZQdL2eI/zpPtmMB8Qd5VHqvDx8VNsnCs4SPMWgSG1lrwC7tM0cnyLkCcVxHQYcvZIlihzEF/QJJ+AV9waxT9Pg==",
      "dev": true,
      "dependencies": {
        "@types/ckeditor__ckeditor5-core": "*",
        "@types/ckeditor__ckeditor5-utils": "*"
      }
    },
    "node_modules/@types/ckeditor__ckeditor5-export-word": {
      "version": "27.0.4",
      "resolved": "https://registry.npmjs.org/@types/ckeditor__ckeditor5-export-word/-/ckeditor__ckeditor5-export-word-27.0.4.tgz",
      "integrity": "sha512-2cpRFCsTHUh3xlbr3IdqfxhRs2AnfvViT0qekhk3SnP9VsUBiqN9CPcgGkBvk3huv30w5kiIpT2UH8l1Ff5Biw==",
      "dev": true,
      "dependencies": {
        "@types/ckeditor__ckeditor5-core": "*",
        "@types/ckeditor__ckeditor5-utils": "*"
      }
    },
    "node_modules/@types/ckeditor__ckeditor5-font": {
      "version": "33.0.1",
      "resolved": "https://registry.npmjs.org/@types/ckeditor__ckeditor5-font/-/ckeditor__ckeditor5-font-33.0.1.tgz",
      "integrity": "sha512-Hllu+akGhKWRtdahWqkewbmRV4DwPxuXjYzjlvqKoPMNst6UcBOYxeLR/HKoIqI4bn4Vc/p7mZvzKJs0R7CNGw==",
      "dev": true,
      "dependencies": {
        "@types/ckeditor__ckeditor5-core": "*",
        "@types/ckeditor__ckeditor5-engine": "*",
        "@types/ckeditor__ckeditor5-ui": "*",
        "@types/ckeditor__ckeditor5-utils": "*"
      }
    },
    "node_modules/@types/ckeditor__ckeditor5-heading": {
      "version": "29.0.3",
      "resolved": "https://registry.npmjs.org/@types/ckeditor__ckeditor5-heading/-/ckeditor__ckeditor5-heading-29.0.3.tgz",
      "integrity": "sha512-GfitzATatW4/ZJZ10VFI2OU1nG+r+c7JDHC/s/+9NzkqAyOEd8XTScAX0Sape+vqoNvnMUSAHNa03/ktAjDIqQ==",
      "dev": true,
      "dependencies": {
        "@types/ckeditor__ckeditor5-core": "*",
        "@types/ckeditor__ckeditor5-engine": "*",
        "@types/ckeditor__ckeditor5-paragraph": "*"
      }
    },
    "node_modules/@types/ckeditor__ckeditor5-highlight": {
      "version": "29.0.3",
      "resolved": "https://registry.npmjs.org/@types/ckeditor__ckeditor5-highlight/-/ckeditor__ckeditor5-highlight-29.0.3.tgz",
      "integrity": "sha512-Akq45EwzdI/egK/5YpKkoyYkEvq0w1EaBZMNOaKn8HaNFmhI2mQPwNzGHfEjbGDpKalI9cNTo0ImvqcqNgF+hg==",
      "dev": true,
      "dependencies": {
        "@types/ckeditor__ckeditor5-core": "*"
      }
    },
    "node_modules/@types/ckeditor__ckeditor5-image": {
      "version": "33.0.0",
      "resolved": "https://registry.npmjs.org/@types/ckeditor__ckeditor5-image/-/ckeditor__ckeditor5-image-33.0.0.tgz",
      "integrity": "sha512-rEu93lPml8CuG8UesJa3BBH6Bi84eskeHXgH5kXCPi+lGQvhHd3VrNWa6XgihnO4Z/60i4IYhW48vdWZJ/Iv/A==",
      "dev": true,
      "dependencies": {
        "@types/ckeditor__ckeditor5-clipboard": "*",
        "@types/ckeditor__ckeditor5-core": "*",
        "@types/ckeditor__ckeditor5-engine": "*",
        "@types/ckeditor__ckeditor5-image": "*",
        "@types/ckeditor__ckeditor5-typing": "*",
        "@types/ckeditor__ckeditor5-ui": "*",
        "@types/ckeditor__ckeditor5-undo": "*",
        "@types/ckeditor__ckeditor5-upload": "*",
        "@types/ckeditor__ckeditor5-utils": "*",
        "@types/ckeditor__ckeditor5-widget": "*"
      }
    },
    "node_modules/@types/ckeditor__ckeditor5-indent": {
      "version": "29.0.3",
      "resolved": "https://registry.npmjs.org/@types/ckeditor__ckeditor5-indent/-/ckeditor__ckeditor5-indent-29.0.3.tgz",
      "integrity": "sha512-ijVRz3hVR+KT4AmaHxOIyFd/Wi+XLtf5zDQuHP1DMAYgwudj6VGTfFl4vpebFB5wrWeY8EzkJZO1KsRlI21QdA==",
      "dev": true,
      "dependencies": {
        "@types/ckeditor__ckeditor5-core": "*"
      }
    },
    "node_modules/@types/ckeditor__ckeditor5-language": {
      "version": "32.0.0",
      "resolved": "https://registry.npmjs.org/@types/ckeditor__ckeditor5-language/-/ckeditor__ckeditor5-language-32.0.0.tgz",
      "integrity": "sha512-8vd0nRXXZgV5oUF0g6DdBfwWAj3KlQGjpMgxgp6cXBQJ86fINCyyGpqpSmd5L4iSrJHAN3OfQaKLlh9PHLcCVQ==",
      "dev": true,
      "dependencies": {
        "@types/ckeditor__ckeditor5-core": "*"
      }
    },
    "node_modules/@types/ckeditor__ckeditor5-link": {
      "version": "32.0.4",
      "resolved": "https://registry.npmjs.org/@types/ckeditor__ckeditor5-link/-/ckeditor__ckeditor5-link-32.0.4.tgz",
      "integrity": "sha512-ElABiBSynJvNpJ6kFSrOKfhtmVYUv7i158akP5VBnvI744hmvM3vl8D3Jjfj+/xKBFkHpJG9YN9XA0BSr+sOqA==",
      "dev": true,
      "dependencies": {
        "@types/ckeditor__ckeditor5-clipboard": "*",
        "@types/ckeditor__ckeditor5-core": "*",
        "@types/ckeditor__ckeditor5-engine": "*",
        "@types/ckeditor__ckeditor5-image": "*",
        "@types/ckeditor__ckeditor5-typing": "*",
        "@types/ckeditor__ckeditor5-ui": "*",
        "@types/ckeditor__ckeditor5-utils": "*"
      }
    },
    "node_modules/@types/ckeditor__ckeditor5-list": {
      "version": "32.0.1",
      "resolved": "https://registry.npmjs.org/@types/ckeditor__ckeditor5-list/-/ckeditor__ckeditor5-list-32.0.1.tgz",
      "integrity": "sha512-FJxpxq56CgyRhI3DAaxWuKFHQH2ZZPFyKgj/3kF3qMbS2YJ2bBhh9/IfnMi1R2Gesdm0aNgCzM/Q+xp3j4ftHQ==",
      "dev": true,
      "dependencies": {
        "@types/ckeditor__ckeditor5-core": "*",
        "@types/ckeditor__ckeditor5-engine": "*",
        "@types/ckeditor__ckeditor5-enter": "*",
        "@types/ckeditor__ckeditor5-typing": "*",
        "@types/ckeditor__ckeditor5-ui": "*",
        "@types/ckeditor__ckeditor5-utils": "*"
      }
    },
    "node_modules/@types/ckeditor__ckeditor5-media-embed": {
      "version": "29.0.3",
      "resolved": "https://registry.npmjs.org/@types/ckeditor__ckeditor5-media-embed/-/ckeditor__ckeditor5-media-embed-29.0.3.tgz",
      "integrity": "sha512-Z1EAZ/s04KTh+MJHZ2Xj2ugwX8lOBmlga7BWdzO4/HkJVeNzozWjp4Kxj9bxVr3GA+EaGWS6MHqgnhtN4gqhfg==",
      "dev": true,
      "dependencies": {
        "@types/ckeditor__ckeditor5-clipboard": "*",
        "@types/ckeditor__ckeditor5-core": "*",
        "@types/ckeditor__ckeditor5-engine": "*",
        "@types/ckeditor__ckeditor5-typing": "*",
        "@types/ckeditor__ckeditor5-ui": "*",
        "@types/ckeditor__ckeditor5-undo": "*",
        "@types/ckeditor__ckeditor5-utils": "*",
        "@types/ckeditor__ckeditor5-widget": "*"
      }
    },
    "node_modules/@types/ckeditor__ckeditor5-mention": {
      "version": "31.0.0",
      "resolved": "https://registry.npmjs.org/@types/ckeditor__ckeditor5-mention/-/ckeditor__ckeditor5-mention-31.0.0.tgz",
      "integrity": "sha512-V2Xq+OrpegeKK6lWaJkpKLZNgW/nLZPhRl6p1rirKsEyVpxxjFO3qSZr3Byb7lxeRkyVLgR23hVgcvt8vfb5AQ==",
      "dev": true,
      "dependencies": {
        "@types/ckeditor__ckeditor5-core": "*",
        "@types/ckeditor__ckeditor5-engine": "*",
        "@types/ckeditor__ckeditor5-ui": "*",
        "@types/ckeditor__ckeditor5-utils": "*"
      }
    },
    "node_modules/@types/ckeditor__ckeditor5-minimap": {
      "version": "33.0.0",
      "resolved": "https://registry.npmjs.org/@types/ckeditor__ckeditor5-minimap/-/ckeditor__ckeditor5-minimap-33.0.0.tgz",
      "integrity": "sha512-XLu/QyyWVMzQseSqo/hQDWoBKzpZS83pXUwUmJcnXoK+lxaxuh8hYxY8W9qY5vrhh2IHocyrNnjMsLJLtu9FTA==",
      "dev": true,
      "dependencies": {
        "@types/ckeditor__ckeditor5-core": "*",
        "@types/ckeditor__ckeditor5-ui": "*",
        "@types/ckeditor__ckeditor5-utils": "*"
      }
    },
    "node_modules/@types/ckeditor__ckeditor5-pagination": {
      "version": "27.0.3",
      "resolved": "https://registry.npmjs.org/@types/ckeditor__ckeditor5-pagination/-/ckeditor__ckeditor5-pagination-27.0.3.tgz",
      "integrity": "sha512-2kyuvQyyi30aZbZHCh0wGpSVp9Q+v5N5AvEHAuSvj6/GOmPRdxK4YyAK/aO3FapUb3bxgvQilyIdA6JtIx1inQ==",
      "dev": true,
      "dependencies": {
        "@types/ckeditor__ckeditor5-core": "*"
      }
    },
    "node_modules/@types/ckeditor__ckeditor5-paragraph": {
      "version": "27.0.5",
      "resolved": "https://registry.npmjs.org/@types/ckeditor__ckeditor5-paragraph/-/ckeditor__ckeditor5-paragraph-27.0.5.tgz",
      "integrity": "sha512-Clevh7N4G15uFZky505TIM+9qYh9Qwf1oULyh9ntsCxDUNMpqhbmRjC/9J+qcTNLLZ1xppEs75r3ejM01ZkcQg==",
      "dev": true,
      "dependencies": {
        "@types/ckeditor__ckeditor5-core": "*",
        "@types/ckeditor__ckeditor5-engine": "*"
      }
    },
    "node_modules/@types/ckeditor__ckeditor5-paste-from-office": {
      "version": "29.0.1",
      "resolved": "https://registry.npmjs.org/@types/ckeditor__ckeditor5-paste-from-office/-/ckeditor__ckeditor5-paste-from-office-29.0.1.tgz",
      "integrity": "sha512-/Asiwf6/cIA1R0tLIpsdiwyqOKYGQLc9va/GdTeZSAj1YG5OENeMlUK32pRth5BxS7dFlhK/xDsP5NhY/ZEUvQ==",
      "dev": true,
      "dependencies": {
        "@types/ckeditor__ckeditor5-clipboard": "*",
        "@types/ckeditor__ckeditor5-core": "*",
        "@types/ckeditor__ckeditor5-engine": "*"
      }
    },
    "node_modules/@types/ckeditor__ckeditor5-real-time-collaboration": {
      "version": "32.0.0",
      "resolved": "https://registry.npmjs.org/@types/ckeditor__ckeditor5-real-time-collaboration/-/ckeditor__ckeditor5-real-time-collaboration-32.0.0.tgz",
      "integrity": "sha512-u93DiYz2Q2+0ILR4srrmabWYlBx1LTcEusSbE7ylvQrcTs4qmgWlio81FyEMEtn9G5hG4kqH/WN0WfhHjWoFTQ==",
      "dev": true,
      "dependencies": {
        "@types/ckeditor__ckeditor5-collaboration-core": "*",
        "@types/ckeditor__ckeditor5-core": "*",
        "@types/ckeditor__ckeditor5-engine": "*",
        "@types/ckeditor__ckeditor5-utils": "*"
      }
    },
    "node_modules/@types/ckeditor__ckeditor5-restricted-editing": {
      "version": "32.0.0",
      "resolved": "https://registry.npmjs.org/@types/ckeditor__ckeditor5-restricted-editing/-/ckeditor__ckeditor5-restricted-editing-32.0.0.tgz",
      "integrity": "sha512-FCOqLUbMxHBaghkXuVHl6hJy9VmimlEXPiMSHeK1jmjq3prsCvavup31Ps+zhwPlo0Bd7aS7GBdUJPGuYkYP9w==",
      "dev": true,
      "dependencies": {
        "@types/ckeditor__ckeditor5-core": "*",
        "@types/ckeditor__ckeditor5-engine": "*",
        "@types/ckeditor__ckeditor5-utils": "*"
      }
    },
    "node_modules/@types/ckeditor__ckeditor5-select-all": {
      "version": "31.0.0",
      "resolved": "https://registry.npmjs.org/@types/ckeditor__ckeditor5-select-all/-/ckeditor__ckeditor5-select-all-31.0.0.tgz",
      "integrity": "sha512-Sgp9N7HHdRcE+9UZlamI3f3ZUCt1fbAYyBv3OhmS9RO9Ev/vejGcSCh3tEddzLfqBcU9HNnl39SQK0zCjeKLEA==",
      "dev": true,
      "dependencies": {
        "@types/ckeditor__ckeditor5-core": "*"
      }
    },
    "node_modules/@types/ckeditor__ckeditor5-table": {
      "version": "33.0.0",
      "resolved": "https://registry.npmjs.org/@types/ckeditor__ckeditor5-table/-/ckeditor__ckeditor5-table-33.0.0.tgz",
      "integrity": "sha512-a711hMOd4u/zqP/dTvEoP/bpnKLxfRasaZtiv3kepIAYub2Acz5ZOi9Gha71sWRwGK3Jeq+4q8gPuNJHYSRttQ==",
      "dev": true,
      "dependencies": {
        "@types/ckeditor__ckeditor5-core": "*",
        "@types/ckeditor__ckeditor5-engine": "*",
        "@types/ckeditor__ckeditor5-ui": "*",
        "@types/ckeditor__ckeditor5-utils": "*",
        "@types/ckeditor__ckeditor5-widget": "*"
      }
    },
    "node_modules/@types/ckeditor__ckeditor5-track-changes": {
      "version": "32.0.0",
      "resolved": "https://registry.npmjs.org/@types/ckeditor__ckeditor5-track-changes/-/ckeditor__ckeditor5-track-changes-32.0.0.tgz",
      "integrity": "sha512-fFe+Tnni2BzrnOYD46zSkAf/StCSAaClN+lILHlWGBKo1xMod1T+hcsrnPkVrFwYSlXraDIvJIEeArrXYCKGnA==",
      "dev": true,
      "dependencies": {
        "@types/ckeditor__ckeditor5-collaboration-core": "*",
        "@types/ckeditor__ckeditor5-core": "*",
        "@types/ckeditor__ckeditor5-engine": "*",
        "@types/ckeditor__ckeditor5-ui": "*",
        "@types/ckeditor__ckeditor5-utils": "*"
      }
    },
    "node_modules/@types/ckeditor__ckeditor5-typing": {
      "version": "32.0.1",
      "resolved": "https://registry.npmjs.org/@types/ckeditor__ckeditor5-typing/-/ckeditor__ckeditor5-typing-32.0.1.tgz",
      "integrity": "sha512-DskFBdfcUACpxVjhdpZTCD8H3gnG/zu08kWyT6TczuBJEXTRoCfX/lZ0Dh7sd20/dxow21pLC4V9Uv/yNUquBA==",
      "dev": true,
      "dependencies": {
        "@types/ckeditor__ckeditor5-core": "*",
        "@types/ckeditor__ckeditor5-engine": "*",
        "@types/ckeditor__ckeditor5-utils": "*"
      }
    },
    "node_modules/@types/ckeditor__ckeditor5-ui": {
      "version": "32.0.2",
      "resolved": "https://registry.npmjs.org/@types/ckeditor__ckeditor5-ui/-/ckeditor__ckeditor5-ui-32.0.2.tgz",
      "integrity": "sha512-0cAaEtXB+i8jnSQMVB50LqI91gJkmG8AnFsowpRPJczsnakMNYTlV+cEhPMe2RbwWxScler0jLmUNsbEORZOTw==",
      "dev": true,
      "dependencies": {
        "@types/ckeditor__ckeditor5-core": "*",
        "@types/ckeditor__ckeditor5-engine": "*",
        "@types/ckeditor__ckeditor5-ui": "*",
        "@types/ckeditor__ckeditor5-utils": "*"
      }
    },
    "node_modules/@types/ckeditor__ckeditor5-undo": {
      "version": "27.0.3",
      "resolved": "https://registry.npmjs.org/@types/ckeditor__ckeditor5-undo/-/ckeditor__ckeditor5-undo-27.0.3.tgz",
      "integrity": "sha512-UpbmO0V82XvoVsnIjdM1Cb9RE9lB9vxGYKkQUzGwtw4wZbMb1A+CMIYkZIXO3aNs6x42F562ymFpjjkHBzgLHA==",
      "dev": true,
      "dependencies": {
        "@types/ckeditor__ckeditor5-core": "*",
        "@types/ckeditor__ckeditor5-engine": "*"
      }
    },
    "node_modules/@types/ckeditor__ckeditor5-upload": {
      "version": "27.0.7",
      "resolved": "https://registry.npmjs.org/@types/ckeditor__ckeditor5-upload/-/ckeditor__ckeditor5-upload-27.0.7.tgz",
      "integrity": "sha512-E8ubVL/94RX4qQe5M7OmSEmH1sTRfz0cwSmfe/vRlTedzM5pzwczXXMYzbnbz28UzOmraOS0Zgq+9WVBcPHJ6Q==",
      "dev": true,
      "dependencies": {
        "@types/ckeditor__ckeditor5-core": "*",
        "@types/ckeditor__ckeditor5-ui": "*",
        "@types/ckeditor__ckeditor5-utils": "*"
      }
    },
    "node_modules/@types/ckeditor__ckeditor5-utils": {
      "version": "28.0.14",
      "resolved": "https://registry.npmjs.org/@types/ckeditor__ckeditor5-utils/-/ckeditor__ckeditor5-utils-28.0.14.tgz",
      "integrity": "sha512-EJmGXoBOAxSwQIWdj3EEx4f7LWLkAP5P5RNYnWEUwBO3e3MdtLt/f8mTRyx1bnt1dmdrrAKD9hVJx1216vXOnQ==",
      "dev": true,
      "dependencies": {
        "@types/ckeditor__ckeditor5-core": "*",
        "@types/ckeditor__ckeditor5-engine": "*"
      }
    },
    "node_modules/@types/ckeditor__ckeditor5-widget": {
      "version": "33.0.1",
      "resolved": "https://registry.npmjs.org/@types/ckeditor__ckeditor5-widget/-/ckeditor__ckeditor5-widget-33.0.1.tgz",
      "integrity": "sha512-dHhFdVj2LFo0nCYJOYB5hohZiJNrkI0xICBBejbnzHxzyjxgYpaUoOKsItjxl49DeCdEJ82DU9Wu/cpmTJyCKw==",
      "dev": true,
      "dependencies": {
        "@types/ckeditor__ckeditor5-core": "*",
        "@types/ckeditor__ckeditor5-engine": "*",
        "@types/ckeditor__ckeditor5-enter": "*",
        "@types/ckeditor__ckeditor5-typing": "*",
        "@types/ckeditor__ckeditor5-ui": "*",
        "@types/ckeditor__ckeditor5-utils": "*"
      }
    },
    "node_modules/@types/ckeditor__ckeditor5-word-count": {
      "version": "29.0.2",
      "resolved": "https://registry.npmjs.org/@types/ckeditor__ckeditor5-word-count/-/ckeditor__ckeditor5-word-count-29.0.2.tgz",
      "integrity": "sha512-eZ9NwCtTsWOLtNYxLfNvBLx6DfcPgYh4+2p9508zQbQ4x9jMOgs9Vx4tGbFVM501eIGCp4g1XjobbWGuBJqpMA==",
      "dev": true,
      "dependencies": {
        "@types/ckeditor__ckeditor5-core": "*",
        "@types/ckeditor__ckeditor5-engine": "*"
      }
    },
    "node_modules/lodash-es": {
      "version": "4.17.21",
      "resolved": "https://registry.npmjs.org/lodash-es/-/lodash-es-4.17.21.tgz",
      "integrity": "sha512-mKnC+QJ9pWVzv+C4/U3rRsHapFfHvQFoFB92e52xeyGMcX6/OlIl78je1u8vePzYZSkkogMPJ2yjxxsb89cxyw==",
      "peer": true
    },
    "node_modules/rxjs": {
      "version": "7.6.0",
      "resolved": "https://registry.npmjs.org/rxjs/-/rxjs-7.6.0.tgz",
      "integrity": "sha512-DDa7d8TFNUalGC9VqXvQ1euWNN7sc63TrUCuM9J998+ViviahMIjKSOU7rfcgFOF+FCD71BhDRv4hrFz+ImDLQ==",
      "peer": true,
      "dependencies": {
        "tslib": "^2.1.0"
      }
    },
    "node_modules/tslib": {
      "version": "2.4.1",
      "resolved": "https://registry.npmjs.org/tslib/-/tslib-2.4.1.tgz",
      "integrity": "sha512-tGyy4dAjRIEwI7BzsB0lynWgOpfqjUdq91XXAlIWD2OwKBH7oCl/GZG/HT4BOHrTlPMOASlMQ7veyTqpmRcrNA==",
      "peer": true
    },
    "node_modules/zone.js": {
      "version": "0.12.0",
      "resolved": "https://registry.npmjs.org/zone.js/-/zone.js-0.12.0.tgz",
      "integrity": "sha512-XtC+I5dXU14HrzidAKBNMqneIVUykLEAA1x+v4KVrd6AUPWlwYORF8KgsVqvgdHiKZ4BkxxjvYi/ksEixTPR0Q==",
      "peer": true,
      "dependencies": {
        "tslib": "^2.3.0"
      }
    }
  }
}
